
Microsoft Visual Studio Solution File, Format Version 12.00
# Visual Studio 15
VisualStudioVersion = 15.0.28307.329
MinimumVisualStudioVersion = 10.0.40219.1
Project("{FAE04EC0-301F-11D3-BF4B-00C04F79EFBC}") = "BooksShopOnline", "BooksShopOnline\BooksShopOnline.csproj", "{31BA6766-CBD9-4612-B0BE-47832C4E38F9}"
EndProject
Global
	GlobalSection(SolutionConfigurationPlatforms) = preSolution
		Debug|Any CPU = Debug|Any CPU
		Release|Any CPU = Release|Any CPU
	EndGlobalSection
	GlobalSection(ProjectConfigurationPlatforms) = postSolution
		{31BA6766-CBD9-4612-B0BE-47832C4E38F9}.Debug|Any CPU.ActiveCfg = Debug|Any CPU
		{31BA6766-CBD9-4612-B0BE-47832C4E38F9}.Debug|Any CPU.Build.0 = Debug|Any CPU
		{31BA6766-CBD9-4612-B0BE-47832C4E38F9}.Release|Any CPU.ActiveCfg = Release|Any CPU
		{31BA6766-CBD9-4612-B0BE-47832C4E38F9}.Release|Any CPU.Build.0 = Release|Any CPU
	EndGlobalSection
	GlobalSection(SolutionProperties) = preSolution
		HideSolutionNode = FALSE
	EndGlobalSection
	GlobalSection(ExtensibilityGlobals) = postSolution
		SolutionGuid = {6D4743E9-927D-421A-8199-973D6470497E}
	EndGlobalSection
EndGlobal
